// !$*UTF8*$!
{
	archiveVersion = 1;
	classes = {
	};
	objectVersion = 51;
	objects = {

/* Begin PBXBuildFile section */
		12ABD966047D05B9C4A20F03 /* Pods_notesApp.framework in Frameworks */ = {isa = PBXBuildFile; fileRef = 8BBE8DD7149F5730FBA5A334 /* Pods_notesApp.framework */; };
		506AA36624DE39E40007F38B /* Constants.swift in Sources */ = {isa = PBXBuildFile; fileRef = 506AA36524DE39E40007F38B /* Constants.swift */; };
		50A4800524DE12A4009FE1C0 /* CellTableViewCell.swift in Sources */ = {isa = PBXBuildFile; fileRef = 50A4800424DE12A4009FE1C0 /* CellTableViewCell.swift */; };
		50AAABFF24CE75720061CA7F /* ToDoListViewController.swift in Sources */ = {isa = PBXBuildFile; fileRef = 50AAABFE24CE75720061CA7F /* ToDoListViewController.swift */; };
		50AAAC0124CE786F0061CA7F /* TaskEntryViewController.swift in Sources */ = {isa = PBXBuildFile; fileRef = 50AAAC0024CE786F0061CA7F /* TaskEntryViewController.swift */; };
		50AAAC0524CE79B90061CA7F /* TaskViewController.swift in Sources */ = {isa = PBXBuildFile; fileRef = 50AAAC0424CE79B90061CA7F /* TaskViewController.swift */; };
		50AAAC0824D13CBC0061CA7F /* PomdoroViewController.swift in Sources */ = {isa = PBXBuildFile; fileRef = 50AAAC0724D13CBC0061CA7F /* PomdoroViewController.swift */; };
		50AAAC0A24D2AB4D0061CA7F /* Note.swift in Sources */ = {isa = PBXBuildFile; fileRef = 50AAAC0924D2AB4D0061CA7F /* Note.swift */; };
		50AAAC0C24DBBEA40061CA7F /* RealmService.swift in Sources */ = {isa = PBXBuildFile; fileRef = 50AAAC0B24DBBEA40061CA7F /* RealmService.swift */; };
		50AEF25724CD4D360027246D /* AppDelegate.swift in Sources */ = {isa = PBXBuildFile; fileRef = 50AEF25624CD4D360027246D /* AppDelegate.swift */; };
		50AEF25924CD4D360027246D /* SceneDelegate.swift in Sources */ = {isa = PBXBuildFile; fileRef = 50AEF25824CD4D360027246D /* SceneDelegate.swift */; };
		50AEF25B24CD4D360027246D /* ViewController.swift in Sources */ = {isa = PBXBuildFile; fileRef = 50AEF25A24CD4D360027246D /* ViewController.swift */; };
		50AEF25E24CD4D360027246D /* Main.storyboard in Resources */ = {isa = PBXBuildFile; fileRef = 50AEF25C24CD4D360027246D /* Main.storyboard */; };
		50AEF26024CD4D3D0027246D /* Assets.xcassets in Resources */ = {isa = PBXBuildFile; fileRef = 50AEF25F24CD4D3D0027246D /* Assets.xcassets */; };
		50AEF26324CD4D3D0027246D /* LaunchScreen.storyboard in Resources */ = {isa = PBXBuildFile; fileRef = 50AEF26124CD4D3D0027246D /* LaunchScreen.storyboard */; };
		50AEF26B24CD4DB10027246D /* NoteViewController.swift in Sources */ = {isa = PBXBuildFile; fileRef = 50AEF26A24CD4DB10027246D /* NoteViewController.swift */; };
		50AEF26D24CD4DD40027246D /* CreateNoteViewController.swift in Sources */ = {isa = PBXBuildFile; fileRef = 50AEF26C24CD4DD40027246D /* CreateNoteViewController.swift */; };
/* End PBXBuildFile section */

/* Begin PBXFileReference section */
		1957EA3A1D0E57575BB1D376 /* Pods-notesApp.debug.xcconfig */ = {isa = PBXFileReference; includeInIndex = 1; lastKnownFileType = text.xcconfig; name = "Pods-notesApp.debug.xcconfig"; path = "Target Support Files/Pods-notesApp/Pods-notesApp.debug.xcconfig"; sourceTree = "<group>"; };
		506AA36524DE39E40007F38B /* Constants.swift */ = {isa = PBXFileReference; lastKnownFileType = sourcecode.swift; path = Constants.swift; sourceTree = "<group>"; };
		50A4800424DE12A4009FE1C0 /* CellTableViewCell.swift */ = {isa = PBXFileReference; lastKnownFileType = sourcecode.swift; path = CellTableViewCell.swift; sourceTree = "<group>"; };
		50AAABFE24CE75720061CA7F /* ToDoListViewController.swift */ = {isa = PBXFileReference; lastKnownFileType = sourcecode.swift; path = ToDoListViewController.swift; sourceTree = "<group>"; };
		50AAAC0024CE786F0061CA7F /* TaskEntryViewController.swift */ = {isa = PBXFileReference; lastKnownFileType = sourcecode.swift; path = TaskEntryViewController.swift; sourceTree = "<group>"; };
		50AAAC0424CE79B90061CA7F /* TaskViewController.swift */ = {isa = PBXFileReference; lastKnownFileType = sourcecode.swift; path = TaskViewController.swift; sourceTree = "<group>"; };
		50AAAC0724D13CBC0061CA7F /* PomdoroViewController.swift */ = {isa = PBXFileReference; lastKnownFileType = sourcecode.swift; path = PomdoroViewController.swift; sourceTree = "<group>"; };
		50AAAC0924D2AB4D0061CA7F /* Note.swift */ = {isa = PBXFileReference; lastKnownFileType = sourcecode.swift; path = Note.swift; sourceTree = "<group>"; };
		50AAAC0B24DBBEA40061CA7F /* RealmService.swift */ = {isa = PBXFileReference; lastKnownFileType = sourcecode.swift; path = RealmService.swift; sourceTree = "<group>"; };
		50AEF25324CD4D360027246D /* notesApp.app */ = {isa = PBXFileReference; explicitFileType = wrapper.application; includeInIndex = 0; path = notesApp.app; sourceTree = BUILT_PRODUCTS_DIR; };
		50AEF25624CD4D360027246D /* AppDelegate.swift */ = {isa = PBXFileReference; lastKnownFileType = sourcecode.swift; path = AppDelegate.swift; sourceTree = "<group>"; };
		50AEF25824CD4D360027246D /* SceneDelegate.swift */ = {isa = PBXFileReference; lastKnownFileType = sourcecode.swift; path = SceneDelegate.swift; sourceTree = "<group>"; };
		50AEF25A24CD4D360027246D /* ViewController.swift */ = {isa = PBXFileReference; lastKnownFileType = sourcecode.swift; path = ViewController.swift; sourceTree = "<group>"; };
		50AEF25D24CD4D360027246D /* Base */ = {isa = PBXFileReference; lastKnownFileType = file.storyboard; name = Base; path = Base.lproj/Main.storyboard; sourceTree = "<group>"; };
		50AEF25F24CD4D3D0027246D /* Assets.xcassets */ = {isa = PBXFileReference; lastKnownFileType = folder.assetcatalog; path = Assets.xcassets; sourceTree = "<group>"; };
		50AEF26224CD4D3D0027246D /* Base */ = {isa = PBXFileReference; lastKnownFileType = file.storyboard; name = Base; path = Base.lproj/LaunchScreen.storyboard; sourceTree = "<group>"; };
		50AEF26424CD4D3D0027246D /* Info.plist */ = {isa = PBXFileReference; lastKnownFileType = text.plist.xml; path = Info.plist; sourceTree = "<group>"; };
		50AEF26A24CD4DB10027246D /* NoteViewController.swift */ = {isa = PBXFileReference; lastKnownFileType = sourcecode.swift; path = NoteViewController.swift; sourceTree = "<group>"; };
		50AEF26C24CD4DD40027246D /* CreateNoteViewController.swift */ = {isa = PBXFileReference; lastKnownFileType = sourcecode.swift; path = CreateNoteViewController.swift; sourceTree = "<group>"; };
		8BBE8DD7149F5730FBA5A334 /* Pods_notesApp.framework */ = {isa = PBXFileReference; explicitFileType = wrapper.framework; includeInIndex = 0; path = Pods_notesApp.framework; sourceTree = BUILT_PRODUCTS_DIR; };
		E0B1A68A7891E1B4ED307FA9 /* Pods-notesApp.release.xcconfig */ = {isa = PBXFileReference; includeInIndex = 1; lastKnownFileType = text.xcconfig; name = "Pods-notesApp.release.xcconfig"; path = "Target Support Files/Pods-notesApp/Pods-notesApp.release.xcconfig"; sourceTree = "<group>"; };
/* End PBXFileReference section */

/* Begin PBXFrameworksBuildPhase section */
		50AEF25024CD4D360027246D /* Frameworks */ = {
			isa = PBXFrameworksBuildPhase;
			buildActionMask = 2147483647;
			files = (
				12ABD966047D05B9C4A20F03 /* Pods_notesApp.framework in Frameworks */,
			);
			runOnlyForDeploymentPostprocessing = 0;
		};
/* End PBXFrameworksBuildPhase section */

/* Begin PBXGroup section */
		50AAAC0224CE796E0061CA7F /* ToDoList */ = {
			isa = PBXGroup;
			children = (
				50AAABFE24CE75720061CA7F /* ToDoListViewController.swift */,
				50AAAC0024CE786F0061CA7F /* TaskEntryViewController.swift */,
				50AAAC0424CE79B90061CA7F /* TaskViewController.swift */,
			);
			path = ToDoList;
			sourceTree = "<group>";
		};
		50AAAC0324CE79990061CA7F /* Notes */ = {
			isa = PBXGroup;
			children = (
				50AEF26A24CD4DB10027246D /* NoteViewController.swift */,
				50AEF26C24CD4DD40027246D /* CreateNoteViewController.swift */,
				50AEF25A24CD4D360027246D /* ViewController.swift */,
				50AAAC0924D2AB4D0061CA7F /* Note.swift */,
				50A4800424DE12A4009FE1C0 /* CellTableViewCell.swift */,
			);
			path = Notes;
			sourceTree = "<group>";
		};
		50AAAC0624D13C9E0061CA7F /* Pomodoro */ = {
			isa = PBXGroup;
			children = (
				50AAAC0724D13CBC0061CA7F /* PomdoroViewController.swift */,
			);
			path = Pomodoro;
			sourceTree = "<group>";
		};
		50AEF24A24CD4D360027246D = {
			isa = PBXGroup;
			children = (
				50AEF25524CD4D360027246D /* notesApp */,
				50AEF25424CD4D360027246D /* Products */,
				FDCC126C14976809FBECF9BF /* Pods */,
				D129C7E5BDF7B280F015293E /* Frameworks */,
			);
			sourceTree = "<group>";
		};
		50AEF25424CD4D360027246D /* Products */ = {
			isa = PBXGroup;
			children = (
				50AEF25324CD4D360027246D /* notesApp.app */,
			);
			name = Products;
			sourceTree = "<group>";
		};
		50AEF25524CD4D360027246D /* notesApp */ = {
			isa = PBXGroup;
			children = (
				50AEF25624CD4D360027246D /* AppDelegate.swift */,
				50AEF25824CD4D360027246D /* SceneDelegate.swift */,
				50AAAC0B24DBBEA40061CA7F /* RealmService.swift */,
				506AA36524DE39E40007F38B /* Constants.swift */,
				50AAAC0624D13C9E0061CA7F /* Pomodoro */,
				50AEF26424CD4D3D0027246D /* Info.plist */,
				50AEF25C24CD4D360027246D /* Main.storyboard */,
				50AEF26124CD4D3D0027246D /* LaunchScreen.storyboard */,
				50AAAC0224CE796E0061CA7F /* ToDoList */,
				50AAAC0324CE79990061CA7F /* Notes */,
				50AEF25F24CD4D3D0027246D /* Assets.xcassets */,
			);
			path = notesApp;
			sourceTree = "<group>";
		};
		D129C7E5BDF7B280F015293E /* Frameworks */ = {
			isa = PBXGroup;
			children = (
				8BBE8DD7149F5730FBA5A334 /* Pods_notesApp.framework */,
			);
			name = Frameworks;
			sourceTree = "<group>";
		};
		FDCC126C14976809FBECF9BF /* Pods */ = {
			isa = PBXGroup;
			children = (
				1957EA3A1D0E57575BB1D376 /* Pods-notesApp.debug.xcconfig */,
				E0B1A68A7891E1B4ED307FA9 /* Pods-notesApp.release.xcconfig */,
			);
			path = Pods;
			sourceTree = "<group>";
		};
/* End PBXGroup section */

/* Begin PBXNativeTarget section */
		50AEF25224CD4D360027246D /* notesApp */ = {
			isa = PBXNativeTarget;
			buildConfigurationList = 50AEF26724CD4D3D0027246D /* Build configuration list for PBXNativeTarget "notesApp" */;
			buildPhases = (
				BBD6455866407D89A974E08D /* [CP] Check Pods Manifest.lock */,
				50AEF24F24CD4D360027246D /* Sources */,
				50AEF25024CD4D360027246D /* Frameworks */,
				50AEF25124CD4D360027246D /* Resources */,
				9E0B275FF04F9C79AF2F0953 /* [CP] Embed Pods Frameworks */,
			);
			buildRules = (
			);
			dependencies = (
			);
			name = notesApp;
			productName = notesApp;
			productReference = 50AEF25324CD4D360027246D /* notesApp.app */;
			productType = "com.apple.product-type.application";
		};
/* End PBXNativeTarget section */

/* Begin PBXProject section */
		50AEF24B24CD4D360027246D /* Project object */ = {
			isa = PBXProject;
			attributes = {
				LastSwiftUpdateCheck = 1140;
				LastUpgradeCheck = 1140;
				ORGANIZATIONNAME = "Vir Bedi";
				TargetAttributes = {
					50AEF25224CD4D360027246D = {
						CreatedOnToolsVersion = 11.4;
					};
				};
			};
			buildConfigurationList = 50AEF24E24CD4D360027246D /* Build configuration list for PBXProject "notesApp" */;
			compatibilityVersion = "Xcode 9.3";
			developmentRegion = en;
			hasScannedForEncodings = 0;
			knownRegions = (
				en,
				Base,
			);
			mainGroup = 50AEF24A24CD4D360027246D;
			productRefGroup = 50AEF25424CD4D360027246D /* Products */;
			projectDirPath = "";
			projectRoot = "";
			targets = (
				50AEF25224CD4D360027246D /* notesApp */,
			);
		};
/* End PBXProject section */

/* Begin PBXResourcesBuildPhase section */
		50AEF25124CD4D360027246D /* Resources */ = {
			isa = PBXResourcesBuildPhase;
			buildActionMask = 2147483647;
			files = (
				50AEF26324CD4D3D0027246D /* LaunchScreen.storyboard in Resources */,
				50AEF26024CD4D3D0027246D /* Assets.xcassets in Resources */,
				50AEF25E24CD4D360027246D /* Main.storyboard in Resources */,
			);
			runOnlyForDeploymentPostprocessing = 0;
		};
/* End PBXResourcesBuildPhase section */

/* Begin PBXShellScriptBuildPhase section */
		9E0B275FF04F9C79AF2F0953 /* [CP] Embed Pods Frameworks */ = {
			isa = PBXShellScriptBuildPhase;
			buildActionMask = 2147483647;
			files = (
			);
			inputFileListPaths = (
				"${PODS_ROOT}/Target Support Files/Pods-notesApp/Pods-notesApp-frameworks-${CONFIGURATION}-input-files.xcfilelist",
			);
			name = "[CP] Embed Pods Frameworks";
			outputFileListPaths = (
				"${PODS_ROOT}/Target Support Files/Pods-notesApp/Pods-notesApp-frameworks-${CONFIGURATION}-output-files.xcfilelist",
			);
			runOnlyForDeploymentPostprocessing = 0;
			shellPath = /bin/sh;
			shellScript = "\"${PODS_ROOT}/Target Support Files/Pods-notesApp/Pods-notesApp-frameworks.sh\"\n";
			showEnvVarsInLog = 0;
		};
		BBD6455866407D89A974E08D /* [CP] Check Pods Manifest.lock */ = {
			isa = PBXShellScriptBuildPhase;
			buildActionMask = 2147483647;
			files = (
			);
			inputFileListPaths = (
			);
			inputPaths = (
				"${PODS_PODFILE_DIR_PATH}/Podfile.lock",
				"${PODS_ROOT}/Manifest.lock",
			);
			name = "[CP] Check Pods Manifest.lock";
			outputFileListPaths = (
			);
			outputPaths = (
				"$(DERIVED_FILE_DIR)/Pods-notesApp-checkManifestLockResult.txt",
			);
			runOnlyForDeploymentPostprocessing = 0;
			shellPath = /bin/sh;
			shellScript = "diff \"${PODS_PODFILE_DIR_PATH}/Podfile.lock\" \"${PODS_ROOT}/Manifest.lock\" > /dev/null\nif [ $? != 0 ] ; then\n    # print error to STDERR\n    echo \"error: The sandbox is not in sync with the Podfile.lock. Run 'pod install' or update your CocoaPods installation.\" >&2\n    exit 1\nfi\n# This output is used by Xcode 'outputs' to avoid re-running this script phase.\necho \"SUCCESS\" > \"${SCRIPT_OUTPUT_FILE_0}\"\n";
			showEnvVarsInLog = 0;
		};
/* End PBXShellScriptBuildPhase section */

/* Begin PBXSourcesBuildPhase section */
		50AEF24F24CD4D360027246D /* Sources */ = {
			isa = PBXSourcesBuildPhase;
			buildActionMask = 2147483647;
			files = (
				50AEF26B24CD4DB10027246D /* NoteViewController.swift in Sources */,
				50AAAC0C24DBBEA40061CA7F /* RealmService.swift in Sources */,
				50AEF25B24CD4D360027246D /* ViewController.swift in Sources */,
				50AEF25724CD4D360027246D /* AppDelegate.swift in Sources */,
				50AAAC0824D13CBC0061CA7F /* PomdoroViewController.swift in Sources */,
				50AEF26D24CD4DD40027246D /* CreateNoteViewController.swift in Sources */,
				50AAAC0A24D2AB4D0061CA7F /* Note.swift in Sources */,
				506AA36624DE39E40007F38B /* Constants.swift in Sources */,
				50AAABFF24CE75720061CA7F /* ToDoListViewController.swift in Sources */,
				50AAAC0524CE79B90061CA7F /* TaskViewController.swift in Sources */,
				50A4800524DE12A4009FE1C0 /* CellTableViewCell.swift in Sources */,
				50AAAC0124CE786F0061CA7F /* TaskEntryViewController.swift in Sources */,
				50AEF25924CD4D360027246D /* SceneDelegate.swift in Sources */,
			);
			runOnlyForDeploymentPostprocessing = 0;
		};
/* End PBXSourcesBuildPhase section */

/* Begin PBXVariantGroup section */
		50AEF25C24CD4D360027246D /* Main.storyboard */ = {
			isa = PBXVariantGroup;
			children = (
				50AEF25D24CD4D360027246D /* Base */,
			);
			name = Main.storyboard;
			sourceTree = "<group>";
		};
		50AEF26124CD4D3D0027246D /* LaunchScreen.storyboard */ = {
			isa = PBXVariantGroup;
			children = (
				50AEF26224CD4D3D0027246D /* Base */,
			);
			name = LaunchScreen.storyboard;
			sourceTree = "<group>";
		};
/* End PBXVariantGroup section */

/* Begin XCBuildConfiguration section */
		50AEF26524CD4D3D0027246D /* Debug */ = {
			isa = XCBuildConfiguration;
			buildSettings = {
				ALWAYS_SEARCH_USER_PATHS = NO;
				CLANG_ANALYZER_NONNULL = YES;
				CLANG_ANALYZER_NUMBER_OBJECT_CONVERSION = YES_AGGRESSIVE;
				CLANG_CXX_LANGUAGE_STANDARD = "gnu++14";
				CLANG_CXX_LIBRARY = "libc++";
				CLANG_ENABLE_MODULES = YES;
				CLANG_ENABLE_OBJC_ARC = YES;
				CLANG_ENABLE_OBJC_WEAK = YES;
				CLANG_WARN_BLOCK_CAPTURE_AUTORELEASING = YES;
				CLANG_WARN_BOOL_CONVERSION = YES;
				CLANG_WARN_COMMA = YES;
				CLANG_WARN_CONSTANT_CONVERSION = YES;
				CLANG_WARN_DEPRECATED_OBJC_IMPLEMENTATIONS = YES;
				CLANG_WARN_DIRECT_OBJC_ISA_USAGE = YES_ERROR;
				CLANG_WARN_DOCUMENTATION_COMMENTS = YES;
				CLANG_WARN_EMPTY_BODY = YES;
				CLANG_WARN_ENUM_CONVERSION = YES;
				CLANG_WARN_INFINITE_RECURSION = YES;
				CLANG_WARN_INT_CONVERSION = YES;
				CLANG_WARN_NON_LITERAL_NULL_CONVERSION = YES;
				CLANG_WARN_OBJC_IMPLICIT_RETAIN_SELF = YES;
				CLANG_WARN_OBJC_LITERAL_CONVERSION = YES;
				CLANG_WARN_OBJC_ROOT_CLASS = YES_ERROR;
				CLANG_WARN_RANGE_LOOP_ANALYSIS = YES;
				CLANG_WARN_STRICT_PROTOTYPES = YES;
				CLANG_WARN_SUSPICIOUS_MOVE = YES;
				CLANG_WARN_UNGUARDED_AVAILABILITY = YES_AGGRESSIVE;
				CLANG_WARN_UNREACHABLE_CODE = YES;
				CLANG_WARN__DUPLICATE_METHOD_MATCH = YES;
				COPY_PHASE_STRIP = NO;
				DEBUG_INFORMATION_FORMAT = dwarf;
				ENABLE_STRICT_OBJC_MSGSEND = YES;
				ENABLE_TESTABILITY = YES;
				GCC_C_LANGUAGE_STANDARD = gnu11;
				GCC_DYNAMIC_NO_PIC = NO;
				GCC_NO_COMMON_BLOCKS = YES;
				GCC_OPTIMIZATION_LEVEL = 0;
				GCC_PREPROCESSOR_DEFINITIONS = (
					"DEBUG=1",
					"$(inherited)",
				);
				GCC_WARN_64_TO_32_BIT_CONVERSION = YES;
				GCC_WARN_ABOUT_RETURN_TYPE = YES_ERROR;
				GCC_WARN_UNDECLARED_SELECTOR = YES;
				GCC_WARN_UNINITIALIZED_AUTOS = YES_AGGRESSIVE;
				GCC_WARN_UNUSED_FUNCTION = YES;
				GCC_WARN_UNUSED_VARIABLE = YES;
				IPHONEOS_DEPLOYMENT_TARGET = 13.4;
				MTL_ENABLE_DEBUG_INFO = INCLUDE_SOURCE;
				MTL_FAST_MATH = YES;
				ONLY_ACTIVE_ARCH = YES;
				SDKROOT = iphoneos;
				SWIFT_ACTIVE_COMPILATION_CONDITIONS = DEBUG;
				SWIFT_OPTIMIZATION_LEVEL = "-Onone";
			};
			name = Debug;
		};
		50AEF26624CD4D3D0027246D /* Release */ = {
			isa = XCBuildConfiguration;
			buildSettings = {
				ALWAYS_SEARCH_USER_PATHS = NO;
				CLANG_ANALYZER_NONNULL = YES;
				CLANG_ANALYZER_NUMBER_OBJECT_CONVERSION = YES_AGGRESSIVE;
				CLANG_CXX_LANGUAGE_STANDARD = "gnu++14";
				CLANG_CXX_LIBRARY = "libc++";
				CLANG_ENABLE_MODULES = YES;
				CLANG_ENABLE_OBJC_ARC = YES;
				CLANG_ENABLE_OBJC_WEAK = YES;
				CLANG_WARN_BLOCK_CAPTURE_AUTORELEASING = YES;
				CLANG_WARN_BOOL_CONVERSION = YES;
				CLANG_WARN_COMMA = YES;
				CLANG_WARN_CONSTANT_CONVERSION = YES;
				CLANG_WARN_DEPRECATED_OBJC_IMPLEMENTATIONS = YES;
				CLANG_WARN_DIRECT_OBJC_ISA_USAGE = YES_ERROR;
				CLANG_WARN_DOCUMENTATION_COMMENTS = YES;
				CLANG_WARN_EMPTY_BODY = YES;
				CLANG_WARN_ENUM_CONVERSION = YES;
				CLANG_WARN_INFINITE_RECURSION = YES;
				CLANG_WARN_INT_CONVERSION = YES;
				CLANG_WARN_NON_LITERAL_NULL_CONVERSION = YES;
				CLANG_WARN_OBJC_IMPLICIT_RETAIN_SELF = YES;
				CLANG_WARN_OBJC_LITERAL_CONVERSION = YES;
				CLANG_WARN_OBJC_ROOT_CLASS = YES_ERROR;
				CLANG_WARN_RANGE_LOOP_ANALYSIS = YES;
				CLANG_WARN_STRICT_PROTOTYPES = YES;
				CLANG_WARN_SUSPICIOUS_MOVE = YES;
				CLANG_WARN_UNGUARDED_AVAILABILITY = YES_AGGRESSIVE;
				CLANG_WARN_UNREACHABLE_CODE = YES;
				CLANG_WARN__DUPLICATE_METHOD_MATCH = YES;
				COPY_PHASE_STRIP = NO;
				DEBUG_INFORMATION_FORMAT = "dwarf-with-dsym";
				ENABLE_NS_ASSERTIONS = NO;
				ENABLE_STRICT_OBJC_MSGSEND = YES;
				GCC_C_LANGUAGE_STANDARD = gnu11;
				GCC_NO_COMMON_BLOCKS = YES;
				GCC_WARN_64_TO_32_BIT_CONVERSION = YES;
				GCC_WARN_ABOUT_RETURN_TYPE = YES_ERROR;
				GCC_WARN_UNDECLARED_SELECTOR = YES;
				GCC_WARN_UNINITIALIZED_AUTOS = YES_AGGRESSIVE;
				GCC_WARN_UNUSED_FUNCTION = YES;
				GCC_WARN_UNUSED_VARIABLE = YES;
				IPHONEOS_DEPLOYMENT_TARGET = 13.4;
				MTL_ENABLE_DEBUG_INFO = NO;
				MTL_FAST_MATH = YES;
				SDKROOT = iphoneos;
				SWIFT_COMPILATION_MODE = wholemodule;
				SWIFT_OPTIMIZATION_LEVEL = "-O";
				VALIDATE_PRODUCT = YES;
			};
			name = Release;
		};
		50AEF26824CD4D3D0027246D /* Debug */ = {
			isa = XCBuildConfiguration;
			baseConfigurationReference = 1957EA3A1D0E57575BB1D376 /* Pods-notesApp.debug.xcconfig */;
			buildSettings = {
				ASSETCATALOG_COMPILER_APPICON_NAME = AppIcon;
				CODE_SIGN_STYLE = Automatic;
				INFOPLIST_FILE = notesApp/Info.plist;
				LD_RUNPATH_SEARCH_PATHS = (
					"$(inherited)",
					"@executable_path/Frameworks",
				);
				PRODUCT_BUNDLE_IDENTIFIER = com.virbedi.notesApp;
				PRODUCT_NAME = "$(TARGET_NAME)";
				SWIFT_VERSION = 5.0;
				TARGETED_DEVICE_FAMILY = "1,2";
			};
			name = Debug;
		};
		50AEF26924CD4D3D0027246D /* Release */ = {
			isa = XCBuildConfiguration;
			baseConfigurationReference = E0B1A68A7891E1B4ED307FA9 /* Pods-notesApp.release.xcconfig */;
			buildSettings = {
				ASSETCATALOG_COMPILER_APPICON_NAME = AppIcon;
				CODE_SIGN_STYLE = Automatic;
				INFOPLIST_FILE = notesApp/Info.plist;
				LD_RUNPATH_SEARCH_PATHS = (
					"$(inherited)",
					"@executable_path/Frameworks",
				);
				PRODUCT_BUNDLE_IDENTIFIER = com.virbedi.notesApp;
				PRODUCT_NAME = "$(TARGET_NAME)";
				SWIFT_VERSION = 5.0;
				TARGETED_DEVICE_FAMILY = "1,2";
			};
			name = Release;
		};
/* End XCBuildConfiguration section */

/* Begin XCConfigurationList section */
		50AEF24E24CD4D360027246D /* Build configuration list for PBXProject "notesApp" */ = {
			isa = XCConfigurationList;
			buildConfigurations = (
				50AEF26524CD4D3D0027246D /* Debug */,
				50AEF26624CD4D3D0027246D /* Release */,
			);
			defaultConfigurationIsVisible = 0;
			defaultConfigurationName = Release;
		};
		50AEF26724CD4D3D0027246D /* Build configuration list for PBXNativeTarget "notesApp" */ = {
			isa = XCConfigurationList;
			buildConfigurations = (
				50AEF26824CD4D3D0027246D /* Debug */,
				50AEF26924CD4D3D0027246D /* Release */,
			);
			defaultConfigurationIsVisible = 0;
			defaultConfigurationName = Release;
		};
/* End XCConfigurationList section */
	};
	rootObject = 50AEF24B24CD4D360027246D /* Project object */;
}
